// !$*UTF8*$!
{
	archiveVersion = 1;
	classes = {
	};
	objectVersion = 50;
	objects = {

/* Begin PBXBuildFile section */
		ADE2249C22DF6CF2006236EF /* AppDelegate.m in Sources */ = {isa = PBXBuildFile; fileRef = ADE2249B22DF6CF2006236EF /* AppDelegate.m */; };
		ADE2249F22DF6CF2006236EF /* ViewController.m in Sources */ = {isa = PBXBuildFile; fileRef = ADE2249E22DF6CF2006236EF /* ViewController.m */; };
		ADE224A222DF6CF2006236EF /* Main.storyboard in Resources */ = {isa = PBXBuildFile; fileRef = ADE224A022DF6CF2006236EF /* Main.storyboard */; };
		ADE224A422DF6CF4006236EF /* Assets.xcassets in Resources */ = {isa = PBXBuildFile; fileRef = ADE224A322DF6CF4006236EF /* Assets.xcassets */; };
		ADE224A722DF6CF4006236EF /* LaunchScreen.storyboard in Resources */ = {isa = PBXBuildFile; fileRef = ADE224A522DF6CF4006236EF /* LaunchScreen.storyboard */; };
		ADE224AA22DF6CF4006236EF /* main.m in Sources */ = {isa = PBXBuildFile; fileRef = ADE224A922DF6CF4006236EF /* main.m */; };
		ADE224B322DF6D1E006236EF /* HMHandler.m in Sources */ = {isa = PBXBuildFile; fileRef = ADE224B222DF6D1E006236EF /* HMHandler.m */; };
/* End PBXBuildFile section */

/* Begin PBXFileReference section */
		ADE2249722DF6CF2006236EF /* HMHandler.app */ = {isa = PBXFileReference; explicitFileType = wrapper.application; includeInIndex = 0; path = HMHandler.app; sourceTree = BUILT_PRODUCTS_DIR; };
		ADE2249A22DF6CF2006236EF /* AppDelegate.h */ = {isa = PBXFileReference; lastKnownFileType = sourcecode.c.h; path = AppDelegate.h; sourceTree = "<group>"; };
		ADE2249B22DF6CF2006236EF /* AppDelegate.m */ = {isa = PBXFileReference; lastKnownFileType = sourcecode.c.objc; path = AppDelegate.m; sourceTree = "<group>"; };
		ADE2249D22DF6CF2006236EF /* ViewController.h */ = {isa = PBXFileReference; lastKnownFileType = sourcecode.c.h; path = ViewController.h; sourceTree = "<group>"; };
		ADE2249E22DF6CF2006236EF /* ViewController.m */ = {isa = PBXFileReference; lastKnownFileType = sourcecode.c.objc; path = ViewController.m; sourceTree = "<group>"; };
		ADE224A122DF6CF2006236EF /* Base */ = {isa = PBXFileReference; lastKnownFileType = file.storyboard; name = Base; path = Base.lproj/Main.storyboard; sourceTree = "<group>"; };
		ADE224A322DF6CF4006236EF /* Assets.xcassets */ = {isa = PBXFileReference; lastKnownFileType = folder.assetcatalog; path = Assets.xcassets; sourceTree = "<group>"; };
		ADE224A622DF6CF4006236EF /* Base */ = {isa = PBXFileReference; lastKnownFileType = file.storyboard; name = Base; path = Base.lproj/LaunchScreen.storyboard; sourceTree = "<group>"; };
		ADE224A822DF6CF4006236EF /* Info.plist */ = {isa = PBXFileReference; lastKnownFileType = text.plist.xml; path = Info.plist; sourceTree = "<group>"; };
		ADE224A922DF6CF4006236EF /* main.m */ = {isa = PBXFileReference; lastKnownFileType = sourcecode.c.objc; path = main.m; sourceTree = "<group>"; };
		ADE224B122DF6D1E006236EF /* HMHandler.h */ = {isa = PBXFileReference; lastKnownFileType = sourcecode.c.h; path = HMHandler.h; sourceTree = "<group>"; };
		ADE224B222DF6D1E006236EF /* HMHandler.m */ = {isa = PBXFileReference; lastKnownFileType = sourcecode.c.objc; path = HMHandler.m; sourceTree = "<group>"; };
/* End PBXFileReference section */

/* Begin PBXFrameworksBuildPhase section */
		ADE2249422DF6CF2006236EF /* Frameworks */ = {
			isa = PBXFrameworksBuildPhase;
			buildActionMask = 2147483647;
			files = (
			);
			runOnlyForDeploymentPostprocessing = 0;
		};
/* End PBXFrameworksBuildPhase section */

/* Begin PBXGroup section */
		ADE2248E22DF6CF2006236EF = {
			isa = PBXGroup;
			children = (
				ADE2249922DF6CF2006236EF /* HMHandler */,
				ADE2249822DF6CF2006236EF /* Products */,
			);
			sourceTree = "<group>";
		};
		ADE2249822DF6CF2006236EF /* Products */ = {
			isa = PBXGroup;
			children = (
				ADE2249722DF6CF2006236EF /* HMHandler.app */,
			);
			name = Products;
			sourceTree = "<group>";
		};
		ADE2249922DF6CF2006236EF /* HMHandler */ = {
			isa = PBXGroup;
			children = (
				ADE224B022DF6D07006236EF /* Handler */,
				ADE2249A22DF6CF2006236EF /* AppDelegate.h */,
				ADE2249B22DF6CF2006236EF /* AppDelegate.m */,
				ADE2249D22DF6CF2006236EF /* ViewController.h */,
				ADE2249E22DF6CF2006236EF /* ViewController.m */,
				ADE224A022DF6CF2006236EF /* Main.storyboard */,
				ADE224A322DF6CF4006236EF /* Assets.xcassets */,
				ADE224A522DF6CF4006236EF /* LaunchScreen.storyboard */,
				ADE224A822DF6CF4006236EF /* Info.plist */,
				ADE224A922DF6CF4006236EF /* main.m */,
			);
			path = HMHandler;
			sourceTree = "<group>";
		};
		ADE224B022DF6D07006236EF /* Handler */ = {
			isa = PBXGroup;
			children = (
				ADE224B122DF6D1E006236EF /* HMHandler.h */,
				ADE224B222DF6D1E006236EF /* HMHandler.m */,
			);
			path = Handler;
			sourceTree = "<group>";
		};
/* End PBXGroup section */

/* Begin PBXNativeTarget section */
		ADE2249622DF6CF2006236EF /* HMHandler */ = {
			isa = PBXNativeTarget;
			buildConfigurationList = ADE224AD22DF6CF4006236EF /* Build configuration list for PBXNativeTarget "HMHandler" */;
			buildPhases = (
				ADE2249322DF6CF2006236EF /* Sources */,
				ADE2249422DF6CF2006236EF /* Frameworks */,
				ADE2249522DF6CF2006236EF /* Resources */,
			);
			buildRules = (
			);
			dependencies = (
			);
			name = HMHandler;
			productName = HMHandler;
			productReference = ADE2249722DF6CF2006236EF /* HMHandler.app */;
			productType = "com.apple.product-type.application";
		};
/* End PBXNativeTarget section */

/* Begin PBXProject section */
		ADE2248F22DF6CF2006236EF /* Project object */ = {
			isa = PBXProject;
			attributes = {
				LastUpgradeCheck = 1020;
				ORGANIZATIONNAME = "胡苗";
				TargetAttributes = {
					ADE2249622DF6CF2006236EF = {
						CreatedOnToolsVersion = 10.2.1;
					};
				};
			};
			buildConfigurationList = ADE2249222DF6CF2006236EF /* Build configuration list for PBXProject "HMHandler" */;
			compatibilityVersion = "Xcode 9.3";
			developmentRegion = en;
			hasScannedForEncodings = 0;
			knownRegions = (
				en,
				Base,
			);
			mainGroup = ADE2248E22DF6CF2006236EF;
			productRefGroup = ADE2249822DF6CF2006236EF /* Products */;
			projectDirPath = "";
			projectRoot = "";
			targets = (
				ADE2249622DF6CF2006236EF /* HMHandler */,
			);
		};
/* End PBXProject section */

/* Begin PBXResourcesBuildPhase section */
		ADE2249522DF6CF2006236EF /* Resources */ = {
			isa = PBXResourcesBuildPhase;
			buildActionMask = 2147483647;
			files = (
				ADE224A722DF6CF4006236EF /* LaunchScreen.storyboard in Resources */,
				ADE224A422DF6CF4006236EF /* Assets.xcassets in Resources */,
				ADE224A222DF6CF2006236EF /* Main.storyboard in Resources */,
			);
			runOnlyForDeploymentPostprocessing = 0;
		};
/* End PBXResourcesBuildPhase section */

/* Begin PBXSourcesBuildPhase section */
		ADE2249322DF6CF2006236EF /* Sources */ = {
			isa = PBXSourcesBuildPhase;
			buildActionMask = 2147483647;
			files = (
				ADE2249F22DF6CF2006236EF /* ViewController.m in Sources */,
				ADE224B322DF6D1E006236EF /* HMHandler.m in Sources */,
				ADE224AA22DF6CF4006236EF /* main.m in Sources */,
				ADE2249C22DF6CF2006236EF /* AppDelegate.m in Sources */,
			);
			runOnlyForDeploymentPostprocessing = 0;
		};
/* End PBXSourcesBuildPhase section */

/* Begin PBXVariantGroup section */
		ADE224A022DF6CF2006236EF /* Main.storyboard */ = {
			isa = PBXVariantGroup;
			children = (
				ADE224A122DF6CF2006236EF /* Base */,
			);
			name = Main.storyboard;
			sourceTree = "<group>";
		};
		ADE224A522DF6CF4006236EF /* LaunchScreen.storyboard */ = {
			isa = PBXVariantGroup;
			children = (
				ADE224A622DF6CF4006236EF /* Base */,
			);
			name = LaunchScreen.storyboard;
			sourceTree = "<group>";
		};
/* End PBXVariantGroup section */

/* Begin XCBuildConfiguration section */
		ADE224AB22DF6CF4006236EF /* Debug */ = {
			isa = XCBuildConfiguration;
			buildSettings = {
				ALWAYS_SEARCH_USER_PATHS = NO;
				CLANG_ANALYZER_NONNULL = YES;
				CLANG_ANALYZER_NUMBER_OBJECT_CONVERSION = YES_AGGRESSIVE;
				CLANG_CXX_LANGUAGE_STANDARD = "gnu++14";
				CLANG_CXX_LIBRARY = "libc++";
				CLANG_ENABLE_MODULES = YES;
				CLANG_ENABLE_OBJC_ARC = YES;
				CLANG_ENABLE_OBJC_WEAK = YES;
				CLANG_WARN_BLOCK_CAPTURE_AUTORELEASING = YES;
				CLANG_WARN_BOOL_CONVERSION = YES;
				CLANG_WARN_COMMA = YES;
				CLANG_WARN_CONSTANT_CONVERSION = YES;
				CLANG_WARN_DEPRECATED_OBJC_IMPLEMENTATIONS = YES;
				CLANG_WARN_DIRECT_OBJC_ISA_USAGE = YES_ERROR;
				CLANG_WARN_DOCUMENTATION_COMMENTS = YES;
				CLANG_WARN_EMPTY_BODY = YES;
				CLANG_WARN_ENUM_CONVERSION = YES;
				CLANG_WARN_INFINITE_RECURSION = YES;
				CLANG_WARN_INT_CONVERSION = YES;
				CLANG_WARN_NON_LITERAL_NULL_CONVERSION = YES;
				CLANG_WARN_OBJC_IMPLICIT_RETAIN_SELF = YES;
				CLANG_WARN_OBJC_LITERAL_CONVERSION = YES;
				CLANG_WARN_OBJC_ROOT_CLASS = YES_ERROR;
				CLANG_WARN_RANGE_LOOP_ANALYSIS = YES;
				CLANG_WARN_STRICT_PROTOTYPES = YES;
				CLANG_WARN_SUSPICIOUS_MOVE = YES;
				CLANG_WARN_UNGUARDED_AVAILABILITY = YES_AGGRESSIVE;
				CLANG_WARN_UNREACHABLE_CODE = YES;
				CLANG_WARN__DUPLICATE_METHOD_MATCH = YES;
				CODE_SIGN_IDENTITY = "iPhone Developer";
				COPY_PHASE_STRIP = NO;
				DEBUG_INFORMATION_FORMAT = dwarf;
				ENABLE_STRICT_OBJC_MSGSEND = YES;
				ENABLE_TESTABILITY = YES;
				GCC_C_LANGUAGE_STANDARD = gnu11;
				GCC_DYNAMIC_NO_PIC = NO;
				GCC_NO_COMMON_BLOCKS = YES;
				GCC_OPTIMIZATION_LEVEL = 0;
				GCC_PREPROCESSOR_DEFINITIONS = (
					"DEBUG=1",
					"$(inherited)",
				);
				GCC_WARN_64_TO_32_BIT_CONVERSION = YES;
				GCC_WARN_ABOUT_RETURN_TYPE = YES_ERROR;
				GCC_WARN_UNDECLARED_SELECTOR = YES;
				GCC_WARN_UNINITIALIZED_AUTOS = YES_AGGRESSIVE;
				GCC_WARN_UNUSED_FUNCTION = YES;
				GCC_WARN_UNUSED_VARIABLE = YES;
				IPHONEOS_DEPLOYMENT_TARGET = 12.2;
				MTL_ENABLE_DEBUG_INFO = INCLUDE_SOURCE;
				MTL_FAST_MATH = YES;
				ONLY_ACTIVE_ARCH = YES;
				SDKROOT = iphoneos;
			};
			name = Debug;
		};
		ADE224AC22DF6CF4006236EF /* Release */ = {
			isa = XCBuildConfiguration;
			buildSettings = {
				ALWAYS_SEARCH_USER_PATHS = NO;
				CLANG_ANALYZER_NONNULL = YES;
				CLANG_ANALYZER_NUMBER_OBJECT_CONVERSION = YES_AGGRESSIVE;
				CLANG_CXX_LANGUAGE_STANDARD = "gnu++14";
				CLANG_CXX_LIBRARY = "libc++";
				CLANG_ENABLE_MODULES = YES;
				CLANG_ENABLE_OBJC_ARC = YES;
				CLANG_ENABLE_OBJC_WEAK = YES;
				CLANG_WARN_BLOCK_CAPTURE_AUTORELEASING = YES;
				CLANG_WARN_BOOL_CONVERSION = YES;
				CLANG_WARN_COMMA = YES;
				CLANG_WARN_CONSTANT_CONVERSION = YES;
				CLANG_WARN_DEPRECATED_OBJC_IMPLEMENTATIONS = YES;
				CLANG_WARN_DIRECT_OBJC_ISA_USAGE = YES_ERROR;
				CLANG_WARN_DOCUMENTATION_COMMENTS = YES;
				CLANG_WARN_EMPTY_BODY = YES;
				CLANG_WARN_ENUM_CONVERSION = YES;
				CLANG_WARN_INFINITE_RECURSION = YES;
				CLANG_WARN_INT_CONVERSION = YES;
				CLANG_WARN_NON_LITERAL_NULL_CONVERSION = YES;
				CLANG_WARN_OBJC_IMPLICIT_RETAIN_SELF = YES;
				CLANG_WARN_OBJC_LITERAL_CONVERSION = YES;
				CLANG_WARN_OBJC_ROOT_CLASS = YES_ERROR;
				CLANG_WARN_RANGE_LOOP_ANALYSIS = YES;
				CLANG_WARN_STRICT_PROTOTYPES = YES;
				CLANG_WARN_SUSPICIOUS_MOVE = YES;
				CLANG_WARN_UNGUARDED_AVAILABILITY = YES_AGGRESSIVE;
				CLANG_WARN_UNREACHABLE_CODE = YES;
				CLANG_WARN__DUPLICATE_METHOD_MATCH = YES;
				CODE_SIGN_IDENTITY = "iPhone Developer";
				COPY_PHASE_STRIP = NO;
				DEBUG_INFORMATION_FORMAT = "dwarf-with-dsym";
				ENABLE_NS_ASSERTIONS = NO;
				ENABLE_STRICT_OBJC_MSGSEND = YES;
				GCC_C_LANGUAGE_STANDARD = gnu11;
				GCC_NO_COMMON_BLOCKS = YES;
				GCC_WARN_64_TO_32_BIT_CONVERSION = YES;
				GCC_WARN_ABOUT_RETURN_TYPE = YES_ERROR;
				GCC_WARN_UNDECLARED_SELECTOR = YES;
				GCC_WARN_UNINITIALIZED_AUTOS = YES_AGGRESSIVE;
				GCC_WARN_UNUSED_FUNCTION = YES;
				GCC_WARN_UNUSED_VARIABLE = YES;
				IPHONEOS_DEPLOYMENT_TARGET = 12.2;
				MTL_ENABLE_DEBUG_INFO = NO;
				MTL_FAST_MATH = YES;
				SDKROOT = iphoneos;
				VALIDATE_PRODUCT = YES;
			};
			name = Release;
		};
		ADE224AE22DF6CF4006236EF /* Debug */ = {
			isa = XCBuildConfiguration;
			buildSettings = {
				ASSETCATALOG_COMPILER_APPICON_NAME = AppIcon;
				CODE_SIGN_STYLE = Automatic;
				INFOPLIST_FILE = HMHandler/Info.plist;
				LD_RUNPATH_SEARCH_PATHS = (
					"$(inherited)",
					"@executable_path/Frameworks",
				);
				PRODUCT_BUNDLE_IDENTIFIER = com.www.humiao.HMHandler;
				PRODUCT_NAME = "$(TARGET_NAME)";
				TARGETED_DEVICE_FAMILY = "1,2";
			};
			name = Debug;
		};
		ADE224AF22DF6CF4006236EF /* Release */ = {
			isa = XCBuildConfiguration;
			buildSettings = {
				ASSETCATALOG_COMPILER_APPICON_NAME = AppIcon;
				CODE_SIGN_STYLE = Automatic;
				INFOPLIST_FILE = HMHandler/Info.plist;
				LD_RUNPATH_SEARCH_PATHS = (
					"$(inherited)",
					"@executable_path/Frameworks",
				);
				PRODUCT_BUNDLE_IDENTIFIER = com.www.humiao.HMHandler;
				PRODUCT_NAME = "$(TARGET_NAME)";
				TARGETED_DEVICE_FAMILY = "1,2";
			};
			name = Release;
		};
/* End XCBuildConfiguration section */

/* Begin XCConfigurationList section */
		ADE2249222DF6CF2006236EF /* Build configuration list for PBXProject "HMHandler" */ = {
			isa = XCConfigurationList;
			buildConfigurations = (
				ADE224AB22DF6CF4006236EF /* Debug */,
				ADE224AC22DF6CF4006236EF /* Release */,
			);
			defaultConfigurationIsVisible = 0;
			defaultConfigurationName = Release;
		};
		ADE224AD22DF6CF4006236EF /* Build configuration list for PBXNativeTarget "HMHandler" */ = {
			isa = XCConfigurationList;
			buildConfigurations = (
				ADE224AE22DF6CF4006236EF /* Debug */,
				ADE224AF22DF6CF4006236EF /* Release */,
			);
			defaultConfigurationIsVisible = 0;
			defaultConfigurationName = Release;
		};
/* End XCConfigurationList section */
	};
	rootObject = ADE2248F22DF6CF2006236EF /* Project object */;
}
